// !$*UTF8*$!
{
	archiveVersion = 1;
	classes = {
	};
	objectVersion = 46;
	objects = {

/* Begin PBXBuildFile section */
		E2C9234019D0184100124860 /* Foundation.framework in Frameworks */ = {isa = PBXBuildFile; fileRef = E2C9233F19D0184100124860 /* Foundation.framework */; };
		E2C9234219D0184100124860 /* CoreGraphics.framework in Frameworks */ = {isa = PBXBuildFile; fileRef = E2C9234119D0184100124860 /* CoreGraphics.framework */; };
		E2C9234419D0184100124860 /* UIKit.framework in Frameworks */ = {isa = PBXBuildFile; fileRef = E2C9234319D0184100124860 /* UIKit.framework */; };
		E2C9234A19D0184100124860 /* InfoPlist.strings in Resources */ = {isa = PBXBuildFile; fileRef = E2C9234819D0184100124860 /* InfoPlist.strings */; };
		E2C9234C19D0184200124860 /* main.m in Sources */ = {isa = PBXBuildFile; fileRef = E2C9234B19D0184200124860 /* main.m */; };
		E2C9235019D0184200124860 /* YMFAppDelegate.m in Sources */ = {isa = PBXBuildFile; fileRef = E2C9234F19D0184200124860 /* YMFAppDelegate.m */; };
		E2C9235319D0184200124860 /* Main.storyboard in Resources */ = {isa = PBXBuildFile; fileRef = E2C9235119D0184200124860 /* Main.storyboard */; };
		E2C9235619D0184200124860 /* YMFViewController.m in Sources */ = {isa = PBXBuildFile; fileRef = E2C9235519D0184200124860 /* YMFViewController.m */; };
		E2C9235819D0184200124860 /* Images.xcassets in Resources */ = {isa = PBXBuildFile; fileRef = E2C9235719D0184200124860 /* Images.xcassets */; };
		E2C9235F19D0184200124860 /* XCTest.framework in Frameworks */ = {isa = PBXBuildFile; fileRef = E2C9235E19D0184200124860 /* XCTest.framework */; };
		E2C9236019D0184200124860 /* Foundation.framework in Frameworks */ = {isa = PBXBuildFile; fileRef = E2C9233F19D0184100124860 /* Foundation.framework */; };
		E2C9236119D0184200124860 /* UIKit.framework in Frameworks */ = {isa = PBXBuildFile; fileRef = E2C9234319D0184100124860 /* UIKit.framework */; };
		E2C9236919D0184200124860 /* InfoPlist.strings in Resources */ = {isa = PBXBuildFile; fileRef = E2C9236719D0184200124860 /* InfoPlist.strings */; };
		E2C9236B19D0184200124860 /* YumFinderTests.m in Sources */ = {isa = PBXBuildFile; fileRef = E2C9236A19D0184200124860 /* YumFinderTests.m */; };
/* End PBXBuildFile section */

/* Begin PBXContainerItemProxy section */
		E2C9236219D0184200124860 /* PBXContainerItemProxy */ = {
			isa = PBXContainerItemProxy;
			containerPortal = E2C9233419D0184100124860 /* Project object */;
			proxyType = 1;
			remoteGlobalIDString = E2C9233B19D0184100124860;
			remoteInfo = YumFinder;
		};
/* End PBXContainerItemProxy section */

/* Begin PBXFileReference section */
		E2C9233C19D0184100124860 /* YumFinder.app */ = {isa = PBXFileReference; explicitFileType = wrapper.application; includeInIndex = 0; path = YumFinder.app; sourceTree = BUILT_PRODUCTS_DIR; };
		E2C9233F19D0184100124860 /* Foundation.framework */ = {isa = PBXFileReference; lastKnownFileType = wrapper.framework; name = Foundation.framework; path = System/Library/Frameworks/Foundation.framework; sourceTree = SDKROOT; };
		E2C9234119D0184100124860 /* CoreGraphics.framework */ = {isa = PBXFileReference; lastKnownFileType = wrapper.framework; name = CoreGraphics.framework; path = System/Library/Frameworks/CoreGraphics.framework; sourceTree = SDKROOT; };
		E2C9234319D0184100124860 /* UIKit.framework */ = {isa = PBXFileReference; lastKnownFileType = wrapper.framework; name = UIKit.framework; path = System/Library/Frameworks/UIKit.framework; sourceTree = SDKROOT; };
		E2C9234719D0184100124860 /* YumFinder-Info.plist */ = {isa = PBXFileReference; lastKnownFileType = text.plist.xml; path = "YumFinder-Info.plist"; sourceTree = "<group>"; };
		E2C9234919D0184100124860 /* en */ = {isa = PBXFileReference; lastKnownFileType = text.plist.strings; name = en; path = en.lproj/InfoPlist.strings; sourceTree = "<group>"; };
		E2C9234B19D0184200124860 /* main.m */ = {isa = PBXFileReference; lastKnownFileType = sourcecode.c.objc; path = main.m; sourceTree = "<group>"; };
		E2C9234D19D0184200124860 /* YumFinder-Prefix.pch */ = {isa = PBXFileReference; lastKnownFileType = sourcecode.c.h; path = "YumFinder-Prefix.pch"; sourceTree = "<group>"; };
		E2C9234E19D0184200124860 /* YMFAppDelegate.h */ = {isa = PBXFileReference; lastKnownFileType = sourcecode.c.h; path = YMFAppDelegate.h; sourceTree = "<group>"; };
		E2C9234F19D0184200124860 /* YMFAppDelegate.m */ = {isa = PBXFileReference; lastKnownFileType = sourcecode.c.objc; path = YMFAppDelegate.m; sourceTree = "<group>"; };
		E2C9235219D0184200124860 /* Base */ = {isa = PBXFileReference; lastKnownFileType = file.storyboard; name = Base; path = Base.lproj/Main.storyboard; sourceTree = "<group>"; };
		E2C9235419D0184200124860 /* YMFViewController.h */ = {isa = PBXFileReference; lastKnownFileType = sourcecode.c.h; path = YMFViewController.h; sourceTree = "<group>"; };
		E2C9235519D0184200124860 /* YMFViewController.m */ = {isa = PBXFileReference; lastKnownFileType = sourcecode.c.objc; path = YMFViewController.m; sourceTree = "<group>"; };
		E2C9235719D0184200124860 /* Images.xcassets */ = {isa = PBXFileReference; lastKnownFileType = folder.assetcatalog; path = Images.xcassets; sourceTree = "<group>"; };
		E2C9235D19D0184200124860 /* YumFinderTests.xctest */ = {isa = PBXFileReference; explicitFileType = wrapper.cfbundle; includeInIndex = 0; path = YumFinderTests.xctest; sourceTree = BUILT_PRODUCTS_DIR; };
		E2C9235E19D0184200124860 /* XCTest.framework */ = {isa = PBXFileReference; lastKnownFileType = wrapper.framework; name = XCTest.framework; path = Library/Frameworks/XCTest.framework; sourceTree = DEVELOPER_DIR; };
		E2C9236619D0184200124860 /* YumFinderTests-Info.plist */ = {isa = PBXFileReference; lastKnownFileType = text.plist.xml; path = "YumFinderTests-Info.plist"; sourceTree = "<group>"; };
		E2C9236819D0184200124860 /* en */ = {isa = PBXFileReference; lastKnownFileType = text.plist.strings; name = en; path = en.lproj/InfoPlist.strings; sourceTree = "<group>"; };
		E2C9236A19D0184200124860 /* YumFinderTests.m */ = {isa = PBXFileReference; lastKnownFileType = sourcecode.c.objc; path = YumFinderTests.m; sourceTree = "<group>"; };
/* End PBXFileReference section */

/* Begin PBXFrameworksBuildPhase section */
		E2C9233919D0184100124860 /* Frameworks */ = {
			isa = PBXFrameworksBuildPhase;
			buildActionMask = 2147483647;
			files = (
				E2C9234219D0184100124860 /* CoreGraphics.framework in Frameworks */,
				E2C9234419D0184100124860 /* UIKit.framework in Frameworks */,
				E2C9234019D0184100124860 /* Foundation.framework in Frameworks */,
			);
			runOnlyForDeploymentPostprocessing = 0;
		};
		E2C9235A19D0184200124860 /* Frameworks */ = {
			isa = PBXFrameworksBuildPhase;
			buildActionMask = 2147483647;
			files = (
				E2C9235F19D0184200124860 /* XCTest.framework in Frameworks */,
				E2C9236119D0184200124860 /* UIKit.framework in Frameworks */,
				E2C9236019D0184200124860 /* Foundation.framework in Frameworks */,
			);
			runOnlyForDeploymentPostprocessing = 0;
		};
/* End PBXFrameworksBuildPhase section */

/* Begin PBXGroup section */
		E2C9233319D0184100124860 = {
			isa = PBXGroup;
			children = (
				E2C9234519D0184100124860 /* YumFinder */,
				E2C9236419D0184200124860 /* YumFinderTests */,
				E2C9233E19D0184100124860 /* Frameworks */,
				E2C9233D19D0184100124860 /* Products */,
			);
			sourceTree = "<group>";
		};
		E2C9233D19D0184100124860 /* Products */ = {
			isa = PBXGroup;
			children = (
				E2C9233C19D0184100124860 /* YumFinder.app */,
				E2C9235D19D0184200124860 /* YumFinderTests.xctest */,
			);
			name = Products;
			sourceTree = "<group>";
		};
		E2C9233E19D0184100124860 /* Frameworks */ = {
			isa = PBXGroup;
			children = (
				E2C9233F19D0184100124860 /* Foundation.framework */,
				E2C9234119D0184100124860 /* CoreGraphics.framework */,
				E2C9234319D0184100124860 /* UIKit.framework */,
				E2C9235E19D0184200124860 /* XCTest.framework */,
			);
			name = Frameworks;
			sourceTree = "<group>";
		};
		E2C9234519D0184100124860 /* YumFinder */ = {
			isa = PBXGroup;
			children = (
				E2C9234E19D0184200124860 /* YMFAppDelegate.h */,
				E2C9234F19D0184200124860 /* YMFAppDelegate.m */,
				E2C9235119D0184200124860 /* Main.storyboard */,
				E2C9235419D0184200124860 /* YMFViewController.h */,
				E2C9235519D0184200124860 /* YMFViewController.m */,
				E2C9235719D0184200124860 /* Images.xcassets */,
				E2C9234619D0184100124860 /* Supporting Files */,
			);
			path = YumFinder;
			sourceTree = "<group>";
		};
		E2C9234619D0184100124860 /* Supporting Files */ = {
			isa = PBXGroup;
			children = (
				E2C9234719D0184100124860 /* YumFinder-Info.plist */,
				E2C9234819D0184100124860 /* InfoPlist.strings */,
				E2C9234B19D0184200124860 /* main.m */,
				E2C9234D19D0184200124860 /* YumFinder-Prefix.pch */,
			);
			name = "Supporting Files";
			sourceTree = "<group>";
		};
		E2C9236419D0184200124860 /* YumFinderTests */ = {
			isa = PBXGroup;
			children = (
				E2C9236A19D0184200124860 /* YumFinderTests.m */,
				E2C9236519D0184200124860 /* Supporting Files */,
			);
			path = YumFinderTests;
			sourceTree = "<group>";
		};
		E2C9236519D0184200124860 /* Supporting Files */ = {
			isa = PBXGroup;
			children = (
				E2C9236619D0184200124860 /* YumFinderTests-Info.plist */,
				E2C9236719D0184200124860 /* InfoPlist.strings */,
			);
			name = "Supporting Files";
			sourceTree = "<group>";
		};
/* End PBXGroup section */

/* Begin PBXNativeTarget section */
		E2C9233B19D0184100124860 /* YumFinder */ = {
			isa = PBXNativeTarget;
			buildConfigurationList = E2C9236E19D0184200124860 /* Build configuration list for PBXNativeTarget "YumFinder" */;
			buildPhases = (
				E2C9233819D0184100124860 /* Sources */,
				E2C9233919D0184100124860 /* Frameworks */,
				E2C9233A19D0184100124860 /* Resources */,
			);
			buildRules = (
			);
			dependencies = (
			);
			name = YumFinder;
			productName = YumFinder;
			productReference = E2C9233C19D0184100124860 /* YumFinder.app */;
			productType = "com.apple.product-type.application";
		};
		E2C9235C19D0184200124860 /* YumFinderTests */ = {
			isa = PBXNativeTarget;
			buildConfigurationList = E2C9237119D0184200124860 /* Build configuration list for PBXNativeTarget "YumFinderTests" */;
			buildPhases = (
				E2C9235919D0184200124860 /* Sources */,
				E2C9235A19D0184200124860 /* Frameworks */,
				E2C9235B19D0184200124860 /* Resources */,
			);
			buildRules = (
			);
			dependencies = (
				E2C9236319D0184200124860 /* PBXTargetDependency */,
			);
			name = YumFinderTests;
			productName = YumFinderTests;
			productReference = E2C9235D19D0184200124860 /* YumFinderTests.xctest */;
			productType = "com.apple.product-type.bundle.unit-test";
		};
/* End PBXNativeTarget section */

/* Begin PBXProject section */
		E2C9233419D0184100124860 /* Project object */ = {
			isa = PBXProject;
			attributes = {
				CLASSPREFIX = YMF;
				LastUpgradeCheck = 0510;
				ORGANIZATIONNAME = "Nimar Labs";
				TargetAttributes = {
					E2C9235C19D0184200124860 = {
						TestTargetID = E2C9233B19D0184100124860;
					};
				};
			};
			buildConfigurationList = E2C9233719D0184100124860 /* Build configuration list for PBXProject "YumFinder" */;
			compatibilityVersion = "Xcode 3.2";
			developmentRegion = English;
			hasScannedForEncodings = 0;
			knownRegions = (
				en,
				Base,
			);
			mainGroup = E2C9233319D0184100124860;
			productRefGroup = E2C9233D19D0184100124860 /* Products */;
			projectDirPath = "";
			projectRoot = "";
			targets = (
				E2C9233B19D0184100124860 /* YumFinder */,
				E2C9235C19D0184200124860 /* YumFinderTests */,
			);
		};
/* End PBXProject section */

/* Begin PBXResourcesBuildPhase section */
		E2C9233A19D0184100124860 /* Resources */ = {
			isa = PBXResourcesBuildPhase;
			buildActionMask = 2147483647;
			files = (
				E2C9235819D0184200124860 /* Images.xcassets in Resources */,
				E2C9234A19D0184100124860 /* InfoPlist.strings in Resources */,
				E2C9235319D0184200124860 /* Main.storyboard in Resources */,
			);
			runOnlyForDeploymentPostprocessing = 0;
		};
		E2C9235B19D0184200124860 /* Resources */ = {
			isa = PBXResourcesBuildPhase;
			buildActionMask = 2147483647;
			files = (
				E2C9236919D0184200124860 /* InfoPlist.strings in Resources */,
			);
			runOnlyForDeploymentPostprocessing = 0;
		};
/* End PBXResourcesBuildPhase section */

/* Begin PBXSourcesBuildPhase section */
		E2C9233819D0184100124860 /* Sources */ = {
			isa = PBXSourcesBuildPhase;
			buildActionMask = 2147483647;
			files = (
				E2C9234C19D0184200124860 /* main.m in Sources */,
				E2C9235619D0184200124860 /* YMFViewController.m in Sources */,
				E2C9235019D0184200124860 /* YMFAppDelegate.m in Sources */,
			);
			runOnlyForDeploymentPostprocessing = 0;
		};
		E2C9235919D0184200124860 /* Sources */ = {
			isa = PBXSourcesBuildPhase;
			buildActionMask = 2147483647;
			files = (
				E2C9236B19D0184200124860 /* YumFinderTests.m in Sources */,
			);
			runOnlyForDeploymentPostprocessing = 0;
		};
/* End PBXSourcesBuildPhase section */

/* Begin PBXTargetDependency section */
		E2C9236319D0184200124860 /* PBXTargetDependency */ = {
			isa = PBXTargetDependency;
			target = E2C9233B19D0184100124860 /* YumFinder */;
			targetProxy = E2C9236219D0184200124860 /* PBXContainerItemProxy */;
		};
/* End PBXTargetDependency section */

/* Begin PBXVariantGroup section */
		E2C9234819D0184100124860 /* InfoPlist.strings */ = {
			isa = PBXVariantGroup;
			children = (
				E2C9234919D0184100124860 /* en */,
			);
			name = InfoPlist.strings;
			sourceTree = "<group>";
		};
		E2C9235119D0184200124860 /* Main.storyboard */ = {
			isa = PBXVariantGroup;
			children = (
				E2C9235219D0184200124860 /* Base */,
			);
			name = Main.storyboard;
			sourceTree = "<group>";
		};
		E2C9236719D0184200124860 /* InfoPlist.strings */ = {
			isa = PBXVariantGroup;
			children = (
				E2C9236819D0184200124860 /* en */,
			);
			name = InfoPlist.strings;
			sourceTree = "<group>";
		};
/* End PBXVariantGroup section */

/* Begin XCBuildConfiguration section */
		E2C9236C19D0184200124860 /* Debug */ = {
			isa = XCBuildConfiguration;
			buildSettings = {
				ALWAYS_SEARCH_USER_PATHS = NO;
				CLANG_CXX_LANGUAGE_STANDARD = "gnu++0x";
				CLANG_CXX_LIBRARY = "libc++";
				CLANG_ENABLE_MODULES = YES;
				CLANG_ENABLE_OBJC_ARC = YES;
				CLANG_WARN_BOOL_CONVERSION = YES;
				CLANG_WARN_CONSTANT_CONVERSION = YES;
				CLANG_WARN_DIRECT_OBJC_ISA_USAGE = YES_ERROR;
				CLANG_WARN_EMPTY_BODY = YES;
				CLANG_WARN_ENUM_CONVERSION = YES;
				CLANG_WARN_INT_CONVERSION = YES;
				CLANG_WARN_OBJC_ROOT_CLASS = YES_ERROR;
				CLANG_WARN__DUPLICATE_METHOD_MATCH = YES;
				"CODE_SIGN_IDENTITY[sdk=iphoneos*]" = "iPhone Developer";
				COPY_PHASE_STRIP = NO;
				GCC_C_LANGUAGE_STANDARD = gnu99;
				GCC_DYNAMIC_NO_PIC = NO;
				GCC_OPTIMIZATION_LEVEL = 0;
				GCC_PREPROCESSOR_DEFINITIONS = (
					"DEBUG=1",
					"$(inherited)",
				);
				GCC_SYMBOLS_PRIVATE_EXTERN = NO;
				GCC_WARN_64_TO_32_BIT_CONVERSION = YES;
				GCC_WARN_ABOUT_RETURN_TYPE = YES_ERROR;
				GCC_WARN_UNDECLARED_SELECTOR = YES;
				GCC_WARN_UNINITIALIZED_AUTOS = YES_AGGRESSIVE;
				GCC_WARN_UNUSED_FUNCTION = YES;
				GCC_WARN_UNUSED_VARIABLE = YES;
				IPHONEOS_DEPLOYMENT_TARGET = 7.1;
				ONLY_ACTIVE_ARCH = YES;
				SDKROOT = iphoneos;
			};
			name = Debug;
		};
		E2C9236D19D0184200124860 /* Release */ = {
			isa = XCBuildConfiguration;
			buildSettings = {
				ALWAYS_SEARCH_USER_PATHS = NO;
				CLANG_CXX_LANGUAGE_STANDARD = "gnu++0x";
				CLANG_CXX_LIBRARY = "libc++";
				CLANG_ENABLE_MODULES = YES;
				CLANG_ENABLE_OBJC_ARC = YES;
				CLANG_WARN_BOOL_CONVERSION = YES;
				CLANG_WARN_CONSTANT_CONVERSION = YES;
				CLANG_WARN_DIRECT_OBJC_ISA_USAGE = YES_ERROR;
				CLANG_WARN_EMPTY_BODY = YES;
				CLANG_WARN_ENUM_CONVERSION = YES;
				CLANG_WARN_INT_CONVERSION = YES;
				CLANG_WARN_OBJC_ROOT_CLASS = YES_ERROR;
				CLANG_WARN__DUPLICATE_METHOD_MATCH = YES;
				"CODE_SIGN_IDENTITY[sdk=iphoneos*]" = "iPhone Developer";
				COPY_PHASE_STRIP = YES;
				ENABLE_NS_ASSERTIONS = NO;
				GCC_C_LANGUAGE_STANDARD = gnu99;
				GCC_WARN_64_TO_32_BIT_CONVERSION = YES;
				GCC_WARN_ABOUT_RETURN_TYPE = YES_ERROR;
				GCC_WARN_UNDECLARED_SELECTOR = YES;
				GCC_WARN_UNINITIALIZED_AUTOS = YES_AGGRESSIVE;
				GCC_WARN_UNUSED_FUNCTION = YES;
				GCC_WARN_UNUSED_VARIABLE = YES;
				IPHONEOS_DEPLOYMENT_TARGET = 7.1;
				SDKROOT = iphoneos;
				VALIDATE_PRODUCT = YES;
			};
			name = Release;
		};
		E2C9236F19D0184200124860 /* Debug */ = {
			isa = XCBuildConfiguration;
			buildSettings = {
				ASSETCATALOG_COMPILER_APPICON_NAME = AppIcon;
				ASSETCATALOG_COMPILER_LAUNCHIMAGE_NAME = LaunchImage;
				GCC_PRECOMPILE_PREFIX_HEADER = YES;
				GCC_PREFIX_HEADER = "YumFinder/YumFinder-Prefix.pch";
				INFOPLIST_FILE = "YumFinder/YumFinder-Info.plist";
				PRODUCT_NAME = "$(TARGET_NAME)";
				WRAPPER_EXTENSION = app;
			};
			name = Debug;
		};
		E2C9237019D0184200124860 /* Release */ = {
			isa = XCBuildConfiguration;
			buildSettings = {
				ASSETCATALOG_COMPILER_APPICON_NAME = AppIcon;
				ASSETCATALOG_COMPILER_LAUNCHIMAGE_NAME = LaunchImage;
				GCC_PRECOMPILE_PREFIX_HEADER = YES;
				GCC_PREFIX_HEADER = "YumFinder/YumFinder-Prefix.pch";
				INFOPLIST_FILE = "YumFinder/YumFinder-Info.plist";
				PRODUCT_NAME = "$(TARGET_NAME)";
				WRAPPER_EXTENSION = app;
			};
			name = Release;
		};
		E2C9237219D0184200124860 /* Debug */ = {
			isa = XCBuildConfiguration;
			buildSettings = {
				BUNDLE_LOADER = "$(BUILT_PRODUCTS_DIR)/YumFinder.app/YumFinder";
				FRAMEWORK_SEARCH_PATHS = (
					"$(SDKROOT)/Developer/Library/Frameworks",
					"$(inherited)",
					"$(DEVELOPER_FRAMEWORKS_DIR)",
				);
				GCC_PRECOMPILE_PREFIX_HEADER = YES;
				GCC_PREFIX_HEADER = "YumFinder/YumFinder-Prefix.pch";
				GCC_PREPROCESSOR_DEFINITIONS = (
					"DEBUG=1",
					"$(inherited)",
				);
				INFOPLIST_FILE = "YumFinderTests/YumFinderTests-Info.plist";
				PRODUCT_NAME = "$(TARGET_NAME)";
				TEST_HOST = "$(BUNDLE_LOADER)";
				WRAPPER_EXTENSION = xctest;
			};
			name = Debug;
		};
		E2C9237319D0184200124860 /* Release */ = {
			isa = XCBuildConfiguration;
			buildSettings = {
				BUNDLE_LOADER = "$(BUILT_PRODUCTS_DIR)/YumFinder.app/YumFinder";
				FRAMEWORK_SEARCH_PATHS = (
					"$(SDKROOT)/Developer/Library/Frameworks",
					"$(inherited)",
					"$(DEVELOPER_FRAMEWORKS_DIR)",
				);
				GCC_PRECOMPILE_PREFIX_HEADER = YES;
				GCC_PREFIX_HEADER = "YumFinder/YumFinder-Prefix.pch";
				INFOPLIST_FILE = "YumFinderTests/YumFinderTests-Info.plist";
				PRODUCT_NAME = "$(TARGET_NAME)";
				TEST_HOST = "$(BUNDLE_LOADER)";
				WRAPPER_EXTENSION = xctest;
			};
			name = Release;
		};
/* End XCBuildConfiguration section */

/* Begin XCConfigurationList section */
		E2C9233719D0184100124860 /* Build configuration list for PBXProject "YumFinder" */ = {
			isa = XCConfigurationList;
			buildConfigurations = (
				E2C9236C19D0184200124860 /* Debug */,
				E2C9236D19D0184200124860 /* Release */,
			);
			defaultConfigurationIsVisible = 0;
			defaultConfigurationName = Release;
		};
		E2C9236E19D0184200124860 /* Build configuration list for PBXNativeTarget "YumFinder" */ = {
			isa = XCConfigurationList;
			buildConfigurations = (
				E2C9236F19D0184200124860 /* Debug */,
				E2C9237019D0184200124860 /* Release */,
			);
			defaultConfigurationIsVisible = 0;
		};
		E2C9237119D0184200124860 /* Build configuration list for PBXNativeTarget "YumFinderTests" */ = {
			isa = XCConfigurationList;
			buildConfigurations = (
				E2C9237219D0184200124860 /* Debug */,
				E2C9237319D0184200124860 /* Release */,
			);
			defaultConfigurationIsVisible = 0;
		};
/* End XCConfigurationList section */
	};
	rootObject = E2C9233419D0184100124860 /* Project object */;
}
